PODS:
  - bitsdojo_window_macos (0.0.1):
    - FlutterMacOS
  - flutter_acrylic (0.1.0):
    - FlutterMacOS
  - flutter_platform_alert (0.0.1):
    - FlutterMacOS
  - flutter_window_close (0.0.1):
    - FlutterMacOS
  - FlutterMacOS (1.0.0)
  - HotKey (0.2.0)
  - hotkey_manager (0.0.1):
    - FlutterMacOS
    - HotKey
  - macos_ui (0.1.0):
    - FlutterMacOS
  - path_provider_foundation (0.0.1):
    - Flutter
    - FlutterMacOS
  - screen_retriever (0.0.1):
    - FlutterMacOS
  - window_manager (0.2.0):
    - FlutterMacOS

DEPENDENCIES:
  - bitsdojo_window_macos (from `Flutter/ephemeral/.symlinks/plugins/bitsdojo_window_macos/macos`)
  - flutter_acrylic (from `Flutter/ephemeral/.symlinks/plugins/flutter_acrylic/macos`)
  - flutter_platform_alert (from `Flutter/ephemeral/.symlinks/plugins/flutter_platform_alert/macos`)
  - flutter_window_close (from `Flutter/ephemeral/.symlinks/plugins/flutter_window_close/macos`)
  - FlutterMacOS (from `Flutter/ephemeral`)
  - hotkey_manager (from `Flutter/ephemeral/.symlinks/plugins/hotkey_manager/macos`)
  - macos_ui (from `Flutter/ephemeral/.symlinks/plugins/macos_ui/macos`)
  - path_provider_foundation (from `Flutter/ephemeral/.symlinks/plugins/path_provider_foundation/macos`)
  - screen_retriever (from `Flutter/ephemeral/.symlinks/plugins/screen_retriever/macos`)
  - window_manager (from `Flutter/ephemeral/.symlinks/plugins/window_manager/macos`)

SPEC REPOS:
  trunk:
    - HotKey

EXTERNAL SOURCES:
  bitsdojo_window_macos:
    :path: Flutter/ephemeral/.symlinks/plugins/bitsdojo_window_macos/macos
  flutter_acrylic:
    :path: Flutter/ephemeral/.symlinks/plugins/flutter_acrylic/macos
  flutter_platform_alert:
    :path: Flutter/ephemeral/.symlinks/plugins/flutter_platform_alert/macos
  flutter_window_close:
    :path: Flutter/ephemeral/.symlinks/plugins/flutter_window_close/macos
  FlutterMacOS:
    :path: Flutter/ephemeral
  hotkey_manager:
    :path: Flutter/ephemeral/.symlinks/plugins/hotkey_manager/macos
  macos_ui:
    :path: Flutter/ephemeral/.symlinks/plugins/macos_ui/macos
  path_provider_foundation:
    :path: Flutter/ephemeral/.symlinks/plugins/path_provider_foundation/macos
  screen_retriever:
    :path: Flutter/ephemeral/.symlinks/plugins/screen_retriever/macos
  window_manager:
    :path: Flutter/ephemeral/.symlinks/plugins/window_manager/macos

SPEC CHECKSUMS:
  bitsdojo_window_macos: 44e3b8fe3dd463820e0321f6256c5b1c16bb6a00
  flutter_acrylic: c3df24ae52ab6597197837ce59ef2a8542640c17
  flutter_platform_alert: b21b2b7d801e71c12ce9ffab618ff114ca9fc903
  flutter_window_close: ee4a6b81ca6fafe93b7cba48b0a18976e3f48e39
  FlutterMacOS: 8f6f14fa908a6fb3fba0cd85dbd81ec4b251fb24
  HotKey: e96d8a2ddbf4591131e2bb3f54e69554d90cdca6
  hotkey_manager: ad673457691f4d39e481be04a61da2ae07d81c62
  macos_ui: 6229a8922cd97bafb7d9636c8eb8dfb0744183ca
  path_provider_foundation: 29f094ae23ebbca9d3d0cec13889cd9060c0e943
  screen_retriever: 59634572a57080243dd1bf715e55b6c54f241a38
  window_manager: 3a1844359a6295ab1e47659b1a777e36773cd6e8

PODFILE CHECKSUM: 353c8bcc5d5b0994e508d035b5431cfe18c1dea7

COCOAPODS: 1.16.0
